{
    "_meta": {
        "hash": {
            "sha256": "c1336332175b14013caac54e87e35438ddcd4370d1d6a5bee9621b75d43444d0"
        },
        "pipfile-spec": 6,
        "requires": {
            "python_version": "3.6"
        },
        "sources": [
            {
                "name": "pypi",
                "url": "https://pypi.org/simple",
                "verify_ssl": true
            }
        ]
    },
    "default": {
        "absl-py": {
            "hashes": [
                "sha256:d9129186431e150d7fe455f1cb1ecbb92bb5dba9da9bc3ef7b012d98c4db2526"
            ],
            "version": "==0.8.1"
        },
        "astor": {
            "hashes": [
                "sha256:0e41295809baf43ae8303350e031aff81ae52189b6f881f36d623fa8b2f1960e",
                "sha256:37a6eed8b371f1228db08234ed7f6cfdc7817a3ed3824797e20cbb11dc2a7862"
            ],
            "version": "==0.8.0"
        },
        "astroid": {
            "hashes": [
                "sha256:71ea07f44df9568a75d0f354c49143a4575d90645e9fead6dfb52c26a85ed13a",
                "sha256:840947ebfa8b58f318d42301cf8c0a20fd794a33b61cc4638e28e9e61ba32f42"
            ],
            "version": "==2.3.3"
        },
        "cycler": {
            "hashes": [
                "sha256:1d8a5ae1ff6c5cf9b93e8811e581232ad8920aeec647c37316ceac982b08cb2d",
                "sha256:cd7b2d1018258d7247a71425e9f26463dfb444d411c39569972f4ce586b0c9d8"
            ],
            "version": "==0.10.0"
        },
        "decorator": {
            "hashes": [
                "sha256:54c38050039232e1db4ad7375cfce6748d7b41c29e95a081c8a6d2c30364a2ce",
                "sha256:5d19b92a3c8f7f101c8dd86afd86b0f061a8ce4540ab8cd401fa2542756bce6d"
            ],
            "version": "==4.4.1"
        },
        "gast": {
            "hashes": [
                "sha256:5c7617f1f6c8b8b426819642b16b9016727ddaecd16af9a07753e537eba8a3a5"
            ],
            "version": "==0.3.2"
        },
        "grpcio": {
            "hashes": [
                "sha256:0419ae5a45f49c7c40d9ae77ae4de9442431b7822851dfbbe56ee0eacb5e5654",
                "sha256:1e8631eeee0fb0b4230aeb135e4890035f6ef9159c2a3555fa184468e325691a",
                "sha256:24db2fa5438f3815a4edb7a189035051760ca6aa2b0b70a6a948b28bfc63c76b",
                "sha256:2adb1cdb7d33e91069517b41249622710a94a1faece1fed31cd36904e4201cde",
                "sha256:2cd51f35692b551aeb1fdeb7a256c7c558f6d78fcddff00640942d42f7aeba5f",
                "sha256:3247834d24964589f8c2b121b40cd61319b3c2e8d744a6a82008643ef8a378b1",
                "sha256:3433cb848b4209717722b62392e575a77a52a34d67c6730138102abc0a441685",
                "sha256:39671b7ff77a962bd745746d9d2292c8ed227c5748f16598d16d8631d17dd7e5",
                "sha256:40a0b8b2e6f6dd630f8b267eede2f40a848963d0f3c40b1b1f453a4a870f679e",
                "sha256:40f9a74c7aa210b3e76eb1c9d56aa8d08722b73426a77626967019df9bbac287",
                "sha256:423f76aa504c84cb94594fb88b8a24027c887f1c488cf58f2173f22f4fbd046c",
                "sha256:43bd04cec72281a96eb361e1b0232f0f542b46da50bcfe72ef7e5a1b41d00cb3",
                "sha256:43e38762635c09e24885d15e3a8e374b72d105d4178ee2cc9491855a8da9c380",
                "sha256:4413b11c2385180d7de03add6c8845dd66692b148d36e27ec8c9ef537b2553a1",
                "sha256:4450352a87094fd58daf468b04c65a9fa19ad11a0ac8ac7b7ff17d46f873cbc1",
                "sha256:49ffda04a6e44de028b3b786278ac9a70043e7905c3eea29eed88b6524d53a29",
                "sha256:4a38c4dde4c9120deef43aaabaa44f19186c98659ce554c29788c4071ab2f0a4",
                "sha256:50b1febdfd21e2144b56a9aa226829e93a79c354ef22a4e5b013d9965e1ec0ed",
                "sha256:559b1a3a8be7395ded2943ea6c2135d096f8cc7039d6d12127110b6496f251fe",
                "sha256:5de86c182667ec68cf84019aa0d8ceccf01d352cdca19bf9e373725204bdbf50",
                "sha256:5fc069bb481fe3fad0ba24d3baaf69e22dfa6cc1b63290e6dfeaf4ac1e996fb7",
                "sha256:6a19d654da49516296515d6f65de4bbcbd734bc57913b21a610cfc45e6df3ff1",
                "sha256:7535b3e52f498270e7877dde1c8944d6b7720e93e2e66b89c82a11447b5818f5",
                "sha256:7c4e495bcabc308198b8962e60ca12f53b27eb8f03a21ac1d2d711d6dd9ecfca",
                "sha256:8a8fc4a0220367cb8370cedac02272d574079ccc32bffbb34d53aaf9e38b5060",
                "sha256:8b008515e067232838daca020d1af628bf6520c8cc338bf383284efe6d8bd083",
                "sha256:8d1684258e1385e459418f3429e107eec5fb3d75e1f5a8c52e5946b3f329d6ea",
                "sha256:8eb5d54b87fb561dc2e00a5c5226c33ffe8dbc13f2e4033a412bafb7b37b194d",
                "sha256:94cdef0c61bd014bb7af495e21a1c3a369dd0399c3cd1965b1502043f5c88d94",
                "sha256:9d9f3be69c7a5e84c3549a8c4403fa9ac7672da456863d21e390b2bbf45ccad1",
                "sha256:9fb6fb5975a448169756da2d124a1beb38c0924ff6c0306d883b6848a9980f38",
                "sha256:a5eaae8700b87144d7dfb475aa4675e500ff707292caba3deff41609ddc5b845",
                "sha256:aaeac2d552772b76d24eaff67a5d2325bc5205c74c0d4f9fbe71685d4a971db2",
                "sha256:bb611e447559b3b5665e12a7da5160c0de6876097f62bf1d23ba66911564868e",
                "sha256:bc0d41f4eb07da8b8d3ea85e50b62f6491ab313834db86ae2345be07536a4e5a",
                "sha256:bf51051c129b847d1bb63a9b0826346b5f52fb821b15fe5e0d5ef86f268510f5",
                "sha256:c948c034d8997526011960db54f512756fb0b4be1b81140a15b4ef094c6594a4",
                "sha256:d435a01334157c3b126b4ee5141401d44bdc8440993b18b05e2f267a6647f92d",
                "sha256:d46c1f95672b73288e08cdca181e14e84c6229b5879561b7b8cfd48374e09287",
                "sha256:d5d58309b42064228b16b0311ff715d6c6e20230e81b35e8d0c8cfa1bbdecad8",
                "sha256:dc6e2e91365a1dd6314d615d80291159c7981928b88a4c65654e3fefac83a836",
                "sha256:e0dfb5f7a39029a6cbec23affa923b22a2c02207960fd66f109e01d6f632c1eb",
                "sha256:eb4bf58d381b1373bd21d50837a53953d625d1693f1b58fed12743c75d3dd321",
                "sha256:ebb211a85248dbc396b29320273c1ffde484b898852432613e8df0164c091006",
                "sha256:ec759ece4786ae993a5b7dc3b3dead6e9375d89a6c65dfd6860076d2eb2abe7b",
                "sha256:f55108397a8fa164268238c3e69cc134e945d1f693572a2f05a028b8d0d2b837",
                "sha256:f6c706866d424ff285b85a02de7bbe5ed0ace227766b2c42cbe12f3d9ea5a8aa",
                "sha256:f8370ad332b36fbad117440faf0dd4b910e80b9c49db5648afd337abdde9a1b6"
            ],
            "version": "==1.25.0"
        },
        "h5py": {
            "hashes": [
                "sha256:05750b91640273c69989c657eaac34b091abdd75efc8c4824c82aaf898a2da0a",
                "sha256:082a27208aa3a2286e7272e998e7e225b2a7d4b7821bd840aebf96d50977abbb",
                "sha256:08e2e8297195f9e813e894b6c63f79372582787795bba2014a2db6a2de95f713",
                "sha256:0dd2adeb2e9de5081eb8dcec88874e7fd35dae9a21557be3a55a3c7d491842a4",
                "sha256:0f94de7a10562b991967a66bbe6dda9808e18088676834c0a4dcec3fdd3bcc6f",
                "sha256:106e42e2e01e486a3d32eeb9ba0e3a7f65c12fa8998d63625fa41fb8bdc44cdb",
                "sha256:1606c66015f04719c41a9863c156fc0e6b992150de21c067444bcb82e7d75579",
                "sha256:1854c4beff9961e477e133143c5e5e355dac0b3ebf19c52cf7cc1b1ef757703c",
                "sha256:1e9fb6f1746500ea91a00193ce2361803c70c6b13f10aae9a33ad7b5bd28e800",
                "sha256:2cca17e80ddb151894333377675db90cd0279fa454776e0a4f74308376afd050",
                "sha256:30e365e8408759db3778c361f1e4e0fe8e98a875185ae46c795a85e9bafb9cdf",
                "sha256:3206bac900e16eda81687d787086f4ffd4f3854980d798e191a9868a6510c3ae",
                "sha256:3c23d72058647cee19b30452acc7895621e2de0a0bd5b8a1e34204b9ea9ed43c",
                "sha256:407b5f911a83daa285bbf1ef78a9909ee5957f257d3524b8606be37e8643c5f0",
                "sha256:4162953714a9212d373ac953c10e3329f1e830d3c7473f2a2e4f25dd6241eef0",
                "sha256:5fc7aba72a51b2c80605eba1c50dbf84224dcd206279d30a75c154e5652e1fe4",
                "sha256:713ac19307e11de4d9833af0c4bd6778bde0a3d967cafd2f0f347223711c1e31",
                "sha256:71b946d80ef3c3f12db157d7778b1fe74a517ca85e94809358b15580983c2ce2",
                "sha256:8cc4aed71e20d87e0a6f02094d718a95252f11f8ed143bc112d22167f08d4040",
                "sha256:9d41ca62daf36d6b6515ab8765e4c8c4388ee18e2a665701fef2b41563821002",
                "sha256:a744e13b000f234cd5a5b2a1f95816b819027c57f385da54ad2b7da1adace2f3",
                "sha256:b087ee01396c4b34e9dc41e3a6a0442158206d383c19c7d0396d52067b17c1cb",
                "sha256:b0f03af381d33306ce67d18275b61acb4ca111ced645381387a02c8a5ee1b796",
                "sha256:b9e4b8dfd587365bdd719ae178fa1b6c1231f81280b1375eef8626dfd8761bf3",
                "sha256:c5dd4ec75985b99166c045909e10f0534704d102848b1d9f0992720e908928e7",
                "sha256:d2b82f23cd862a9d05108fe99967e9edfa95c136f532a71cb3d28dc252771f50",
                "sha256:e58a25764472af07b7e1c4b10b0179c8ea726446c7141076286e41891bf3a563",
                "sha256:f3b49107fbfc77333fc2b1ef4d5de2abcd57e7ea3a1482455229494cf2da56ce"
            ],
            "index": "pypi",
            "version": "==2.9.0"
        },
        "isort": {
            "hashes": [
                "sha256:54da7e92468955c4fceacd0c86bd0ec997b0e1ee80d97f67c35a78b719dccab1",
                "sha256:6e811fcb295968434526407adb8796944f1988c5b65e8139058f2014cbe100fd"
            ],
            "version": "==4.3.21"
        },
        "keras-applications": {
            "hashes": [
                "sha256:5579f9a12bcde9748f4a12233925a59b93b73ae6947409ff34aa2ba258189fe5",
                "sha256:df4323692b8c1174af821bf906f1e442e63fa7589bf0f1230a0b6bdc5a810c95"
            ],
            "version": "==1.0.8"
        },
        "keras-preprocessing": {
            "hashes": [
                "sha256:44aee5f2c4d80c3b29f208359fcb336df80f293a0bb6b1c738da43ca206656fb",
                "sha256:5a8debe01d840de93d49e05ccf1c9b81ae30e210d34dacbcc47aeb3049b528e5"
            ],
            "version": "==1.1.0"
        },
        "kiwisolver": {
            "hashes": [
                "sha256:05b5b061e09f60f56244adc885c4a7867da25ca387376b02c1efc29cc16bcd0f",
                "sha256:210d8c39d01758d76c2b9a693567e1657ec661229bc32eac30761fa79b2474b0",
                "sha256:26f4fbd6f5e1dabff70a9ba0d2c4bd30761086454aa30dddc5b52764ee4852b7",
                "sha256:3b15d56a9cd40c52d7ab763ff0bc700edbb4e1a298dc43715ecccd605002cf11",
                "sha256:3b2378ad387f49cbb328205bda569b9f87288d6bc1bf4cd683c34523a2341efe",
                "sha256:400599c0fe58d21522cae0e8b22318e09d9729451b17ee61ba8e1e7c0346565c",
                "sha256:47b8cb81a7d18dbaf4fed6a61c3cecdb5adec7b4ac292bddb0d016d57e8507d5",
                "sha256:53eaed412477c836e1b9522c19858a8557d6e595077830146182225613b11a75",
                "sha256:58e626e1f7dfbb620d08d457325a4cdac65d1809680009f46bf41eaf74ad0187",
                "sha256:5a52e1b006bfa5be04fe4debbcdd2688432a9af4b207a3f429c74ad625022641",
                "sha256:5c7ca4e449ac9f99b3b9d4693debb1d6d237d1542dd6a56b3305fe8a9620f883",
                "sha256:682e54f0ce8f45981878756d7203fd01e188cc6c8b2c5e2cf03675390b4534d5",
                "sha256:76275ee077772c8dde04fb6c5bc24b91af1bb3e7f4816fd1852f1495a64dad93",
                "sha256:79bfb2f0bd7cbf9ea256612c9523367e5ec51d7cd616ae20ca2c90f575d839a2",
                "sha256:7f4dd50874177d2bb060d74769210f3bce1af87a8c7cf5b37d032ebf94f0aca3",
                "sha256:8944a16020c07b682df861207b7e0efcd2f46c7488619cb55f65882279119389",
                "sha256:8aa7009437640beb2768bfd06da049bad0df85f47ff18426261acecd1cf00897",
                "sha256:9105ce82dcc32c73eb53a04c869b6a4bc756b43e4385f76ea7943e827f529e4d",
                "sha256:933df612c453928f1c6faa9236161a1d999a26cd40abf1dc5d7ebbc6dbfb8fca",
                "sha256:939f36f21a8c571686eb491acfffa9c7f1ac345087281b412d63ea39ca14ec4a",
                "sha256:9491578147849b93e70d7c1d23cb1229458f71fc79c51d52dce0809b2ca44eea",
                "sha256:9733b7f64bd9f807832d673355f79703f81f0b3e52bfce420fc00d8cb28c6a6c",
                "sha256:a02f6c3e229d0b7220bd74600e9351e18bc0c361b05f29adae0d10599ae0e326",
                "sha256:a0c0a9f06872330d0dd31b45607197caab3c22777600e88031bfe66799e70bb0",
                "sha256:aa716b9122307c50686356cfb47bfbc66541868078d0c801341df31dca1232a9",
                "sha256:acc4df99308111585121db217681f1ce0eecb48d3a828a2f9bbf9773f4937e9e",
                "sha256:b64916959e4ae0ac78af7c3e8cef4becee0c0e9694ad477b4c6b3a536de6a544",
                "sha256:d22702cadb86b6fcba0e6b907d9f84a312db9cd6934ee728144ce3018e715ee1",
                "sha256:d3fcf0819dc3fea58be1fd1ca390851bdb719a549850e708ed858503ff25d995",
                "sha256:d52e3b1868a4e8fd18b5cb15055c76820df514e26aa84cc02f593d99fef6707f",
                "sha256:db1a5d3cc4ae943d674718d6c47d2d82488ddd94b93b9e12d24aabdbfe48caee",
                "sha256:e3a21a720791712ed721c7b95d433e036134de6f18c77dbe96119eaf7aa08004",
                "sha256:e8bf074363ce2babeb4764d94f8e65efd22e6a7c74860a4f05a6947afc020ff2",
                "sha256:f16814a4a96dc04bf1da7d53ee8d5b1d6decfc1a92a63349bb15d37b6a263dd9",
                "sha256:f2b22153870ca5cf2ab9c940d7bc38e8e9089fa0f7e5856ea195e1cf4ff43d5a",
                "sha256:f790f8b3dff3d53453de6a7b7ddd173d2e020fb160baff578d578065b108a05f",
                "sha256:fe51b79da0062f8e9d49ed0182a626a7dc7a0cbca0328f612c6ee5e4711c81e4"
            ],
            "version": "==1.1.0"
        },
        "lazy-object-proxy": {
            "hashes": [
                "sha256:0c4b206227a8097f05c4dbdd323c50edf81f15db3b8dc064d08c62d37e1a504d",
                "sha256:194d092e6f246b906e8f70884e620e459fc54db3259e60cf69a4d66c3fda3449",
                "sha256:1be7e4c9f96948003609aa6c974ae59830a6baecc5376c25c92d7d697e684c08",
                "sha256:4677f594e474c91da97f489fea5b7daa17b5517190899cf213697e48d3902f5a",
                "sha256:48dab84ebd4831077b150572aec802f303117c8cc5c871e182447281ebf3ac50",
                "sha256:5541cada25cd173702dbd99f8e22434105456314462326f06dba3e180f203dfd",
                "sha256:59f79fef100b09564bc2df42ea2d8d21a64fdcda64979c0fa3db7bdaabaf6239",
                "sha256:8d859b89baf8ef7f8bc6b00aa20316483d67f0b1cbf422f5b4dc56701c8f2ffb",
                "sha256:9254f4358b9b541e3441b007a0ea0764b9d056afdeafc1a5569eee1cc6c1b9ea",
                "sha256:9651375199045a358eb6741df3e02a651e0330be090b3bc79f6d0de31a80ec3e",
                "sha256:97bb5884f6f1cdce0099f86b907aa41c970c3c672ac8b9c8352789e103cf3156",
                "sha256:9b15f3f4c0f35727d3a0fba4b770b3c4ebbb1fa907dbcc046a1d2799f3edd142",
                "sha256:a2238e9d1bb71a56cd710611a1614d1194dc10a175c1e08d75e1a7bcc250d442",
                "sha256:a6ae12d08c0bf9909ce12385803a543bfe99b95fe01e752536a60af2b7797c62",
                "sha256:ca0a928a3ddbc5725be2dd1cf895ec0a254798915fb3a36af0964a0a4149e3db",
                "sha256:cb2c7c57005a6804ab66f106ceb8482da55f5314b7fcb06551db1edae4ad1531",
                "sha256:d74bb8693bf9cf75ac3b47a54d716bbb1a92648d5f781fc799347cfc95952383",
                "sha256:d945239a5639b3ff35b70a88c5f2f491913eb94871780ebfabb2568bd58afc5a",
                "sha256:eba7011090323c1dadf18b3b689845fd96a61ba0a1dfbd7f24b921398affc357",
                "sha256:efa1909120ce98bbb3777e8b6f92237f5d5c8ea6758efea36a473e1d38f7d3e4",
                "sha256:f3900e8a5de27447acbf900b4750b0ddfd7ec1ea7fbaf11dfa911141bc522af0"
            ],
            "version": "==1.4.3"
        },
        "markdown": {
            "hashes": [
                "sha256:2e50876bcdd74517e7b71f3e7a76102050edec255b3983403f1a63e7c8a41e7a",
                "sha256:56a46ac655704b91e5b7e6326ce43d5ef72411376588afa1dd90e881b83c7e8c"
            ],
            "version": "==3.1.1"
        },
        "matplotlib": {
            "hashes": [
                "sha256:1ae6549976b6ceb6ee426272a28c0fc9715b3e3669694d560c8f661c5b39e2c5",
                "sha256:4d4250bf508dd07cca3b43888097f873cadb66eec6ac63dbbfb798798ec07af2",
                "sha256:53af2e01d7f1700ed2b64a9091bc865360c9c4032f625451c4589a826854c787",
                "sha256:63e498067d32d627111cd1162cae1621f1221f9d4c6a9745dd7233f29de581b6",
                "sha256:7169a34971e398dd58e87e173f97366fd88a3fa80852704530433eb224a8ca57",
                "sha256:91c54d6bb9eeaaff965656c5ea6cbdcbf780bad8462ac99b30b451548194746f",
                "sha256:aeef177647bb3fccfe09065481989d7dfc5ac59e9367d6a00a3481062cf651e4",
                "sha256:cf8ae10559a78aee0409ede1e9d4fda03895433eeafe609dd9ed67e45f552db0",
                "sha256:d51d0889d1c4d51c51a9822265c0494ea3e70a52bdd88358e0863daca46fa23a",
                "sha256:de5ccd3500247f85fe4f9fad90f80a8bd397e4f110a4c33fabf95f07403e8372",
                "sha256:e1d33589e32f482d0a7d1957bf473d43341115d40d33f578dad44432e47df7b7",
                "sha256:e8d1939262aa6b36d0c51f50a50a43a04b9618d20db31e6c0192b1463067aeef",
                "sha256:e918d51b1fda82a65fdf52d2f3914b2246481cc2a9cd10e223e6be6078916ff3"
            ],
            "index": "pypi",
            "version": "==3.0.3"
        },
        "mccabe": {
            "hashes": [
                "sha256:ab8a6258860da4b6677da4bd2fe5dc2c659cff31b3ee4f7f5d64e79735b80d42",
                "sha256:dd8d182285a0fe56bace7f45b5e7d1a6ebcbf524e8f3bd87eb0f125271b8831f"
            ],
            "version": "==0.6.1"
        },
        "mock": {
            "hashes": [
                "sha256:83657d894c90d5681d62155c82bda9c1187827525880eda8ff5df4ec813437c3",
                "sha256:d157e52d4e5b938c550f39eb2fd15610db062441a9c2747d3dbfa9298211d0f8"
            ],
            "version": "==3.0.5"
        },
        "networkx": {
            "hashes": [
                "sha256:8311ddef63cf5c5c5e7c1d0212dd141d9a1fe3f474915281b73597ed5f1d4e3d"
            ],
            "index": "pypi",
            "version": "==2.3"
        },
        "numpy": {
            "hashes": [
                "sha256:0a7a1dd123aecc9f0076934288ceed7fd9a81ba3919f11a855a7887cbe82a02f",
                "sha256:0c0763787133dfeec19904c22c7e358b231c87ba3206b211652f8cbe1241deb6",
                "sha256:3d52298d0be333583739f1aec9026f3b09fdfe3ddf7c7028cb16d9d2af1cca7e",
                "sha256:43bb4b70585f1c2d153e45323a886839f98af8bfa810f7014b20be714c37c447",
                "sha256:475963c5b9e116c38ad7347e154e5651d05a2286d86455671f5b1eebba5feb76",
                "sha256:64874913367f18eb3013b16123c9fed113962e75d809fca5b78ebfbb73ed93ba",
                "sha256:683828e50c339fc9e68720396f2de14253992c495fdddef77a1e17de55f1decc",
                "sha256:6ca4000c4a6f95a78c33c7dadbb9495c10880be9c89316aa536eac359ab820ae",
                "sha256:75fd817b7061f6378e4659dd792c84c0b60533e867f83e0d1e52d5d8e53df88c",
                "sha256:7d81d784bdbed30137aca242ab307f3e65c8d93f4c7b7d8f322110b2e90177f9",
                "sha256:8d0af8d3664f142414fd5b15cabfd3b6cc3ef242a3c7a7493257025be5a6955f",
                "sha256:9679831005fb16c6df3dd35d17aa31dc0d4d7573d84f0b44cc481490a65c7725",
                "sha256:a8f67ebfae9f575d85fa859b54d3bdecaeece74e3274b0b5c5f804d7ca789fe1",
                "sha256:acbf5c52db4adb366c064d0b7c7899e3e778d89db585feadd23b06b587d64761",
                "sha256:ada4805ed51f5bcaa3a06d3dd94939351869c095e30a2b54264f5a5004b52170",
                "sha256:c7354e8f0eca5c110b7e978034cd86ed98a7a5ffcf69ca97535445a595e07b8e",
                "sha256:e2e9d8c87120ba2c591f60e32736b82b67f72c37ba88a4c23c81b5b8fa49c018",
                "sha256:e467c57121fe1b78a8f68dd9255fbb3bb3f4f7547c6b9e109f31d14569f490c3",
                "sha256:ede47b98de79565fcd7f2decb475e2dcc85ee4097743e551fe26cfc7eb3ff143",
                "sha256:f58913e9227400f1395c7b800503ebfdb0772f1c33ff8cb4d6451c06cabdf316",
                "sha256:fe39f5fd4103ec4ca3cb8600b19216cd1ff316b4990f4c0b6057ad982c0a34d5"
            ],
            "version": "==1.17.4"
        },
        "opencv-python": {
            "hashes": [
                "sha256:1703a296a96d3d46615e5053f224867977accb4240bcaa0fcabcb0768bf5ac13",
                "sha256:1777ce7535ee7a1995cae168a107a1320e9df13648b930e72a1a2c2eccd64cda",
                "sha256:1e5520482fb18fbd64d079e7f17ac0018f195fd75f6360a53bb82d7903106b50",
                "sha256:25522dcf2529614750a71112a6659759080b4bdc2323f19d47f4d895960fd796",
                "sha256:2af5f2842ad44c65ae2647377e0ff198719e1a1cfc9c6a19bc0c525c035d4bd8",
                "sha256:31ec48d7eca13fc25c287dea7cecab453976e372cad8f50d55c054a247efda21",
                "sha256:47cf48ff5dbd554e9f58cc9e98cf0b5de3f6a971172612bffa06bc5fb79ce872",
                "sha256:494f98366bb5d6c2ac7e50e6617139f353704fd97a6d12ec9d392e72817d5cb0",
                "sha256:4a9845870739e640e3350a8d98d511c92c087fe3d66090e83be7bf94e0ac64f7",
                "sha256:4ac29cc0847d948a6636899014e84e165c30cc8779d6218394d44363462a01ce",
                "sha256:5857ace03b7854221abf8072462d306c2c2ce4e366190b21d90ee8ee8aaf5bb4",
                "sha256:5b4a23d99d5a2874767034466f5a8fd37b9f93ac14955a01b1a208983c76b9ad",
                "sha256:734d87a5021c037064beb62133e135e66c7128e401a63b8b842b809ae2093749",
                "sha256:78005c1c5d15ef4e32e0f485557bd15b5b6d87f49c19db7fe3e9246a61ebe7e4",
                "sha256:81ae2283225c5c52fc3d72debd4241c30ccff2bb922578bf7867f9851cce3acb",
                "sha256:88dbf900f297fdae0f62b899d6a784d8868ec2135854c5f8a9abbad00a6f0c5b",
                "sha256:8c98ea7b8d327a31cd6028782a06147d0e0329ae8e829e881fb5d02f7ed8aec9",
                "sha256:937d4686fef6967921145290f5b50c01c00c5b5d3542a6519e8a85cd88448723",
                "sha256:a057958c0e362b3c4f03b9af1cbdb6d5af035fd22ecd7fd794eba8fdeb049eb8",
                "sha256:c41eab31fa2c641226c6187caa391a688d064c99f078d604574f1912296b771f",
                "sha256:cf4f7e62d1f80d1fa85a1693a3500def5cde54b2b75212b3609e552e4c25acfb",
                "sha256:d90d60143e18334330c149f293071c9f2f3c79c896f33dc4ec65099e58baaaa7",
                "sha256:db3106b7ca86999a7bd1f2fcc93e49314e5e6e451356774e421a69428df5020b",
                "sha256:dbaf264db56f4771dfac6624f438bc4dc670aa94f61a6138848fcab7e9e77380",
                "sha256:e65206c4cf651dc9cf0829962fae8bec986767c9f123d6a1ad17f9356bf7257e",
                "sha256:eac94ddc78c58e891cff7180274317dad2938a4ddfc6ced1c04846c7f50e77e9",
                "sha256:f2e828711f044a965509c862b3a59b3181e9c56c145a950cb53d43fec54e66d2"
            ],
            "index": "pypi",
            "version": "==4.1.0.25"
        },
        "protobuf": {
            "hashes": [
                "sha256:0ba5d7626dbc4ce78971c3e62ec37f84c8139ea7008c008660d3312cf11e0db8",
                "sha256:189b706f72e8b7ddc965168a79ff296ca5b7bdd95b5b05208afb9818a681c712",
                "sha256:340965444aafc7aac7e3586e930f5b3f8347ca9b350afab60bac84dcc0b94437",
                "sha256:44fbc7b1786ab975ec9eba9da765398d58ec705d1c8e856b0523b8f9c1c53cf7",
                "sha256:48d96b559fab3063feaebd316352e3418424629d59b77dbcb96ecc4c594d7f5f",
                "sha256:5e32923c7896c49b1d3a327fe25a76363d200acdfa97844f5647f1bf9f298da8",
                "sha256:6662442fbf22796dbd942bb15b664d70dcc25ae28d371b7e4ca6261e9bc495b7",
                "sha256:6bb5d999faceee281bc4a2fc77866c61af7be4b7e5efadc930c42f234a99cafd",
                "sha256:83b38b7b61b7c60af0fa03a71c27c4232117453a62ccf69a511284793a400751",
                "sha256:90c22f4fd4e01279efc4e4911dafe308f35fcc4310bcb89bcee4d3ca20210d20",
                "sha256:97b08853b9bb71512ed52381f05cf2d4179f4234825b505d8f8d2bb9d9429939",
                "sha256:aef47082114428b47db73876ecb7751802548830ce5c95dba7ebe24d5e196d7c",
                "sha256:b89ed3ba88ea5ec8b2c704a5ae747c9038ee1faff277fcddac75f850e645f7e1",
                "sha256:be5afc2e1f5c320bd4a38e73d8b02c67d72dbee370a004732c923c7c8a472f72",
                "sha256:d1c18853c7ad3c8e34edfafc6488fc24f4221c15b516c14796032cc53f8cde94",
                "sha256:f4370d0e3d6e1ac2f80911651691ac540901f661b372036ea72637546ba98202"
            ],
            "version": "==3.11.0"
        },
        "pylint": {
            "hashes": [
                "sha256:5d77031694a5fb97ea95e828c8d10fc770a1df6eb3906067aaed42201a8a6a09",
                "sha256:723e3db49555abaf9bf79dc474c6b9e2935ad82230b10c1138a71ea41ac0fff1"
            ],
            "index": "pypi",
            "version": "==2.3.1"
        },
        "pyparsing": {
            "hashes": [
                "sha256:20f995ecd72f2a1f4bf6b072b63b22e2eb457836601e76d6e5dfcd75436acc1f",
                "sha256:4ca62001be367f01bd3e92ecbb79070272a9d4964dce6a48a82ff0b8bc7e683a"
            ],
            "version": "==2.4.5"
        },
        "pyqt5": {
            "hashes": [
                "sha256:020e8771ad66429587d3db6cceb028be3435e2c65f417dcc8e3b3e644b6ab1d7",
                "sha256:399fd9c3b3786210d9d2a86bc73255cc03c997b454480b7c0daf3e1a09e1ab58",
                "sha256:c0565737d1d5fd40a7e14b6692bfec1f1e1f0be082ae70d1776c44561980e3c4",
                "sha256:d4e88208dfd017636e4b1f407990d0c3b6cf47afed6be4f2fb6ca887ef513e4b"
            ],
            "index": "pypi",
            "version": "==5.12.1"
        },
        "pyqt5-sip": {
            "hashes": [
                "sha256:304acf771b6033cb4bafc415939d227c91265d30664ed643b298d7e95f509f81",
                "sha256:39d2677f4de46ed4d7aa3b612f31c74c881975efe51c6a23fbb1d9382e4cc850",
                "sha256:54b99a3057e8f01b90d49cca9ca566b1ea23d8920038760f44e75b90c62b9d5f",
                "sha256:59f5332f86f3ccd3ac94674fe91eae6e8aca26da7c6588917cabd0fe22af106d",
                "sha256:72be07a21b0f379987c4ec59bc86834a9719a2f9cfb49606a4d4e34dae9aa549",
                "sha256:7b3b8c015e545fa30e42205fc1115b7c6afcb6acec790ce3f330a06323730523",
                "sha256:7fbb6389c20aff4c3257e89bb1787effffcaf05c32d937c00094ae45846bffd5",
                "sha256:828d9911acc483672a2bae1cc1bf79f591eb3338faad1f2c798aa2f45459a318",
                "sha256:a9460dac973deccc6ff2d90f18fd105cbaada147f84e5917ed79374dcb237758",
                "sha256:aade50f9a1b9d20f6aabe88e8999b10db57218f5c31950160f3f7957dd64e07c",
                "sha256:ac9e5b282d1f0771a8310ed974afe1961ec31e9ae787d052c0e504ea46ae323a",
                "sha256:ba41bd21b89c6713f7077b5f7d4a1c452989190aad5704e215560a266a1ecbab",
                "sha256:c309dbbd6c155e961bfd6893496afa5cd184cce6f7dffd87ea68ee048b6f97e1",
                "sha256:cfc21b1f80d4655ffa776c505a2576b4d148bbc52bb3e33fedbf6cfbdbc09d1b",
                "sha256:d7b26e0b6d81bf14c1239e6a891ac1303a7e882512d990ec330369c7269226d7",
                "sha256:f8b7a3e05235ce58a38bf317f71a5cb4ab45d3b34dc57421dd8cea48e0e4023e"
            ],
            "version": "==4.19.19"
        },
        "python-dateutil": {
            "hashes": [
                "sha256:73ebfe9dbf22e832286dafa60473e4cd239f8592f699aa5adaf10050e6e1823c",
                "sha256:75bb3f31ea686f1197762692a9ee6a7550b59fc6ca3a1f4b5d7e32fb98e2da2a"
            ],
            "version": "==2.8.1"
        },
        "six": {
            "hashes": [
                "sha256:1f1b7d42e254082a9db6279deae68afb421ceba6158efa6131de7b3003ee93fd",
                "sha256:30f610279e8b2578cab6db20741130331735c781b56053c59c4076da27f06b66"
            ],
            "version": "==1.13.0"
        },
        "tensorboard": {
            "hashes": [
                "sha256:53d8f40589c903dae65f39a799c2bc49defae3703754984d90613d26ebd714a4",
                "sha256:b664fe7772be5670d8b04200342e681af7795a12cd752709aed565c06c0cc196"
            ],
            "version": "==1.13.1"
        },
        "tensorflow": {
            "hashes": [
                "sha256:0de5887495c20e1130ae4d9bcfaf80cec87f579a9c27a84141a588a46e5aa853",
                "sha256:0f305f3c461ed2ce5e0b65fccc7b7452f483c7935dd8a52a466d622e642fdea8",
                "sha256:4325f20b5a703b80a5f7a8807f07ad8735025bd2a947093ffff1c26fbdc7980b",
                "sha256:4c86be0e476b64cedf4ffa059d71b764e75b895effb697345687e3057929a7b5",
                "sha256:6b0a0a413390302ce7c22c98695983d6fb8406861cfb418b25536f57a96c0b89",
                "sha256:77eec2351d0a9b5312ea01ee4c78c13996f249cf1bead2e68256a65e533f45ef",
                "sha256:87bf719a564f11d63e4f614e933e5a612dd4e67c88266b774236e0982f5fcf69",
                "sha256:ba29e66331cd2a8f824e0fa937ce44bd624bc37739f2f083694e473051d89ace",
                "sha256:bc374f5a662b6e164cd1c4da61ccc752ec208a44893d2f9dcf47d2a0a2cef311",
                "sha256:bcf86966b7554e407bb7d73341f2e108df62a910d40b4cd2a914867f2a5de51c",
                "sha256:c3abffd51c168cfd62a557243c47a29ab48deb52a64465e6818060f20755ddb4",
                "sha256:c41862c65628261229db22e33f9e570d845eeb5cea66dcbaebe404405edaa69b",
                "sha256:d7341617aedd73c2c847755e87697e9c19eb625c73da26d6cd669220c5565119",
                "sha256:de0425b58cb34006e4500565239b4c3a3055b95bff132f097fa46c87d8e463c9",
                "sha256:f21fb65c8e874f40c654bc9b3ff3db3ec26f98f03fe64a541bc768f6f5c52ac2"
            ],
            "index": "pypi",
            "version": "==1.13.1"
        },
        "tensorflow-estimator": {
            "hashes": [
                "sha256:7cfdaa3e83e3532f31713713feb98be7ea9f3065722be4267e49b6c301271419"
            ],
            "version": "==1.13.0"
        },
        "termcolor": {
            "hashes": [
                "sha256:1d6d69ce66211143803fbc56652b41d73b4a400a2891d7bf7a1cdf4c02de613b"
            ],
            "version": "==1.1.0"
        },
        "typed-ast": {
            "hashes": [
                "sha256:1170afa46a3799e18b4c977777ce137bb53c7485379d9706af8a59f2ea1aa161",
                "sha256:18511a0b3e7922276346bcb47e2ef9f38fb90fd31cb9223eed42c85d1312344e",
                "sha256:262c247a82d005e43b5b7f69aff746370538e176131c32dda9cb0f324d27141e",
                "sha256:2b907eb046d049bcd9892e3076c7a6456c93a25bebfe554e931620c90e6a25b0",
                "sha256:354c16e5babd09f5cb0ee000d54cfa38401d8b8891eefa878ac772f827181a3c",
                "sha256:48e5b1e71f25cfdef98b013263a88d7145879fbb2d5185f2a0c79fa7ebbeae47",
                "sha256:4e0b70c6fc4d010f8107726af5fd37921b666f5b31d9331f0bd24ad9a088e631",
                "sha256:630968c5cdee51a11c05a30453f8cd65e0cc1d2ad0d9192819df9978984529f4",
                "sha256:66480f95b8167c9c5c5c87f32cf437d585937970f3fc24386f313a4c97b44e34",
                "sha256:71211d26ffd12d63a83e079ff258ac9d56a1376a25bc80b1cdcdf601b855b90b",
                "sha256:7954560051331d003b4e2b3eb822d9dd2e376fa4f6d98fee32f452f52dd6ebb2",
                "sha256:838997f4310012cf2e1ad3803bce2f3402e9ffb71ded61b5ee22617b3a7f6b6e",
                "sha256:95bd11af7eafc16e829af2d3df510cecfd4387f6453355188342c3e79a2ec87a",
                "sha256:bc6c7d3fa1325a0c6613512a093bc2a2a15aeec350451cbdf9e1d4bffe3e3233",
                "sha256:cc34a6f5b426748a507dd5d1de4c1978f2eb5626d51326e43280941206c209e1",
                "sha256:d755f03c1e4a51e9b24d899561fec4ccaf51f210d52abdf8c07ee2849b212a36",
                "sha256:d7c45933b1bdfaf9f36c579671fec15d25b06c8398f113dab64c18ed1adda01d",
                "sha256:d896919306dd0aa22d0132f62a1b78d11aaf4c9fc5b3410d3c666b818191630a",
                "sha256:fdc1c9bbf79510b76408840e009ed65958feba92a88833cdceecff93ae8fff66",
                "sha256:ffde2fbfad571af120fcbfbbc61c72469e72f550d676c3342492a9dfdefb8f12"
            ],
            "markers": "implementation_name == 'cpython' and python_version < '3.8'",
            "version": "==1.4.0"
        },
        "werkzeug": {
            "hashes": [
                "sha256:7280924747b5733b246fe23972186c6b348f9ae29724135a6dfc1e53cea433e7",
                "sha256:e5f4a1f98b52b18a93da705a7458e55afb26f32bff83ff5d19189f92462d65c4"
            ],
            "index": "pypi",
            "version": "==0.16.0"
        },
        "wheel": {
            "hashes": [
                "sha256:10c9da68765315ed98850f8e048347c3eb06dd81822dc2ab1d4fde9dc9702646",
                "sha256:f4da1763d3becf2e2cd92a14a7c920f0f00eca30fdde9ea992c836685b9faf28"
            ],
            "markers": "python_version >= '3'",
            "version": "==0.33.6"
        },
        "wrapt": {
            "hashes": [
                "sha256:565a021fd19419476b9362b05eeaa094178de64f8361e44468f9e9d7843901e1"
            ],
            "version": "==1.11.2"
        }
    },
    "develop": {
        "astroid": {
            "hashes": [
                "sha256:71ea07f44df9568a75d0f354c49143a4575d90645e9fead6dfb52c26a85ed13a",
                "sha256:840947ebfa8b58f318d42301cf8c0a20fd794a33b61cc4638e28e9e61ba32f42"
            ],
            "version": "==2.3.3"
        },
        "entrypoints": {
            "hashes": [
                "sha256:589f874b313739ad35be6e0cd7efde2a4e9b6fea91edcc34e58ecbb8dbe56d19",
                "sha256:c70dd71abe5a8c85e55e12c19bd91ccfeec11a6e99044204511f9ed547d48451"
            ],
            "version": "==0.3"
        },
        "flake8": {
            "hashes": [
                "sha256:859996073f341f2670741b51ec1e67a01da142831aa1fdc6242dbf88dffbe661",
                "sha256:a796a115208f5c03b18f332f7c11729812c8c3ded6c46319c59b53efd3819da8"
            ],
            "index": "pypi",
            "version": "==3.7.7"
        },
        "isort": {
            "hashes": [
                "sha256:54da7e92468955c4fceacd0c86bd0ec997b0e1ee80d97f67c35a78b719dccab1",
                "sha256:6e811fcb295968434526407adb8796944f1988c5b65e8139058f2014cbe100fd"
            ],
            "version": "==4.3.21"
        },
        "lazy-object-proxy": {
            "hashes": [
                "sha256:0c4b206227a8097f05c4dbdd323c50edf81f15db3b8dc064d08c62d37e1a504d",
                "sha256:194d092e6f246b906e8f70884e620e459fc54db3259e60cf69a4d66c3fda3449",
                "sha256:1be7e4c9f96948003609aa6c974ae59830a6baecc5376c25c92d7d697e684c08",
                "sha256:4677f594e474c91da97f489fea5b7daa17b5517190899cf213697e48d3902f5a",
                "sha256:48dab84ebd4831077b150572aec802f303117c8cc5c871e182447281ebf3ac50",
                "sha256:5541cada25cd173702dbd99f8e22434105456314462326f06dba3e180f203dfd",
                "sha256:59f79fef100b09564bc2df42ea2d8d21a64fdcda64979c0fa3db7bdaabaf6239",
                "sha256:8d859b89baf8ef7f8bc6b00aa20316483d67f0b1cbf422f5b4dc56701c8f2ffb",
                "sha256:9254f4358b9b541e3441b007a0ea0764b9d056afdeafc1a5569eee1cc6c1b9ea",
                "sha256:9651375199045a358eb6741df3e02a651e0330be090b3bc79f6d0de31a80ec3e",
                "sha256:97bb5884f6f1cdce0099f86b907aa41c970c3c672ac8b9c8352789e103cf3156",
                "sha256:9b15f3f4c0f35727d3a0fba4b770b3c4ebbb1fa907dbcc046a1d2799f3edd142",
                "sha256:a2238e9d1bb71a56cd710611a1614d1194dc10a175c1e08d75e1a7bcc250d442",
                "sha256:a6ae12d08c0bf9909ce12385803a543bfe99b95fe01e752536a60af2b7797c62",
                "sha256:ca0a928a3ddbc5725be2dd1cf895ec0a254798915fb3a36af0964a0a4149e3db",
                "sha256:cb2c7c57005a6804ab66f106ceb8482da55f5314b7fcb06551db1edae4ad1531",
                "sha256:d74bb8693bf9cf75ac3b47a54d716bbb1a92648d5f781fc799347cfc95952383",
                "sha256:d945239a5639b3ff35b70a88c5f2f491913eb94871780ebfabb2568bd58afc5a",
                "sha256:eba7011090323c1dadf18b3b689845fd96a61ba0a1dfbd7f24b921398affc357",
                "sha256:efa1909120ce98bbb3777e8b6f92237f5d5c8ea6758efea36a473e1d38f7d3e4",
                "sha256:f3900e8a5de27447acbf900b4750b0ddfd7ec1ea7fbaf11dfa911141bc522af0"
            ],
            "version": "==1.4.3"
        },
        "mccabe": {
            "hashes": [
                "sha256:ab8a6258860da4b6677da4bd2fe5dc2c659cff31b3ee4f7f5d64e79735b80d42",
                "sha256:dd8d182285a0fe56bace7f45b5e7d1a6ebcbf524e8f3bd87eb0f125271b8831f"
            ],
            "version": "==0.6.1"
        },
        "pycodestyle": {
            "hashes": [
                "sha256:95a2219d12372f05704562a14ec30bc76b05a5b297b21a5dfe3f6fac3491ae56",
                "sha256:e40a936c9a450ad81df37f549d676d127b1b66000a6c500caa2b085bc0ca976c"
            ],
            "version": "==2.5.0"
        },
        "pyflakes": {
            "hashes": [
                "sha256:17dbeb2e3f4d772725c777fabc446d5634d1038f234e77343108ce445ea69ce0",
                "sha256:d976835886f8c5b31d47970ed689944a0262b5f3afa00a5a7b4dc81e5449f8a2"
            ],
            "version": "==2.1.1"
        },
        "pylint": {
            "hashes": [
                "sha256:5d77031694a5fb97ea95e828c8d10fc770a1df6eb3906067aaed42201a8a6a09",
                "sha256:723e3db49555abaf9bf79dc474c6b9e2935ad82230b10c1138a71ea41ac0fff1"
            ],
            "index": "pypi",
            "version": "==2.3.1"
        },
        "six": {
            "hashes": [
                "sha256:1f1b7d42e254082a9db6279deae68afb421ceba6158efa6131de7b3003ee93fd",
                "sha256:30f610279e8b2578cab6db20741130331735c781b56053c59c4076da27f06b66"
            ],
            "version": "==1.13.0"
        },
        "typed-ast": {
            "hashes": [
                "sha256:1170afa46a3799e18b4c977777ce137bb53c7485379d9706af8a59f2ea1aa161",
                "sha256:18511a0b3e7922276346bcb47e2ef9f38fb90fd31cb9223eed42c85d1312344e",
                "sha256:262c247a82d005e43b5b7f69aff746370538e176131c32dda9cb0f324d27141e",
                "sha256:2b907eb046d049bcd9892e3076c7a6456c93a25bebfe554e931620c90e6a25b0",
                "sha256:354c16e5babd09f5cb0ee000d54cfa38401d8b8891eefa878ac772f827181a3c",
                "sha256:48e5b1e71f25cfdef98b013263a88d7145879fbb2d5185f2a0c79fa7ebbeae47",
                "sha256:4e0b70c6fc4d010f8107726af5fd37921b666f5b31d9331f0bd24ad9a088e631",
                "sha256:630968c5cdee51a11c05a30453f8cd65e0cc1d2ad0d9192819df9978984529f4",
                "sha256:66480f95b8167c9c5c5c87f32cf437d585937970f3fc24386f313a4c97b44e34",
                "sha256:71211d26ffd12d63a83e079ff258ac9d56a1376a25bc80b1cdcdf601b855b90b",
                "sha256:7954560051331d003b4e2b3eb822d9dd2e376fa4f6d98fee32f452f52dd6ebb2",
                "sha256:838997f4310012cf2e1ad3803bce2f3402e9ffb71ded61b5ee22617b3a7f6b6e",
                "sha256:95bd11af7eafc16e829af2d3df510cecfd4387f6453355188342c3e79a2ec87a",
                "sha256:bc6c7d3fa1325a0c6613512a093bc2a2a15aeec350451cbdf9e1d4bffe3e3233",
                "sha256:cc34a6f5b426748a507dd5d1de4c1978f2eb5626d51326e43280941206c209e1",
                "sha256:d755f03c1e4a51e9b24d899561fec4ccaf51f210d52abdf8c07ee2849b212a36",
                "sha256:d7c45933b1bdfaf9f36c579671fec15d25b06c8398f113dab64c18ed1adda01d",
                "sha256:d896919306dd0aa22d0132f62a1b78d11aaf4c9fc5b3410d3c666b818191630a",
                "sha256:fdc1c9bbf79510b76408840e009ed65958feba92a88833cdceecff93ae8fff66",
                "sha256:ffde2fbfad571af120fcbfbbc61c72469e72f550d676c3342492a9dfdefb8f12"
            ],
            "markers": "implementation_name == 'cpython' and python_version < '3.8'",
            "version": "==1.4.0"
        },
        "wrapt": {
            "hashes": [
                "sha256:565a021fd19419476b9362b05eeaa094178de64f8361e44468f9e9d7843901e1"
            ],
            "version": "==1.11.2"
        }
    }
}
