{
    "_meta": {
        "hash": {
            "sha256": "775a367855e1e1455be28413d17aaf4399b128f6d8ea5114c8d02d85f5a8ebaf"
        },
        "pipfile-spec": 6,
        "requires": {
            "python_version": "3.6"
        },
        "sources": [
            {
                "name": "pypi",
                "url": "https://pypi.org/simple",
                "verify_ssl": true
            }
        ]
    },
    "default": {
        "absl-py": {
            "hashes": [
                "sha256:b943d1c567743ed0455878fcd60bc28ac9fae38d129d1ccfad58079da00b8951"
            ],
            "markers": "python_version >= '2.6' and python_version != '3.1.*' and python_version != '3.0.*'",
            "version": "==0.7.1"
        },
        "astor": {
            "hashes": [
                "sha256:95c30d87a6c2cf89aa628b87398466840f0ad8652f88eb173125a6df8533fb8d",
                "sha256:fb503b9e2fdd05609fbf557b916b4a7824171203701660f0c55bbf5a7a68713e"
            ],
            "markers": "python_version != '3.2.*' and python_version != '3.3.*' and python_version != '3.0.*' and python_version >= '2.7' and python_version != '3.1.*'",
            "version": "==0.7.1"
        },
        "cycler": {
            "hashes": [
                "sha256:1d8a5ae1ff6c5cf9b93e8811e581232ad8920aeec647c37316ceac982b08cb2d",
                "sha256:cd7b2d1018258d7247a71425e9f26463dfb444d411c39569972f4ce586b0c9d8"
            ],
            "markers": "python_version != '3.1.*' and python_version >= '2.6' and python_version != '3.0.*'",
            "version": "==0.10.0"
        },
        "decorator": {
            "hashes": [
                "sha256:86156361c50488b84a3f148056ea716ca587df2f0de1d34750d35c21312725de",
                "sha256:f069f3a01830ca754ba5258fde2278454a0b5b79e0d7f5c13b3b97e57d4acff6"
            ],
            "markers": "python_version >= '2.6' and python_version != '3.1.*' and python_version != '3.0.*'",
            "version": "==4.4.0"
        },
        "gast": {
            "hashes": [
                "sha256:fe939df4583692f0512161ec1c880e0a10e71e6a232da045ab8edd3756fbadf0"
            ],
            "markers": "python_version >= '2.7' and python_version != '3.2.*' and python_version != '3.0.*' and python_version != '3.3.*' and python_version != '3.1.*'",
            "version": "==0.2.2"
        },
        "grpcio": {
            "hashes": [
                "sha256:07c7f7b251b26ef94e29d2c19245e34d4d05897325a289b31de3b6a5e16fbd6c",
                "sha256:2ddbca16c2e7b3f2ffc6e34c7cfa6886fb01de9f156ad3f77b72ad652d632097",
                "sha256:30d84f9684b4c81ee37906bb303a84435948c2dd3db55d3ef38f8daf28bc6ea3",
                "sha256:316e6c79fb1585b23ae100ee26f6ffefa91a21e4d39588fa42efadd7f20c7225",
                "sha256:400abff9a772351fff72d5698c8758b837bec3d7f4ed93de70bae744d8f63f53",
                "sha256:4ed90a256f6f8690b5c95b9d4f2e9fe6513628f3674e9068e10637e50c2f93d6",
                "sha256:51fd87ff610ca2f483c668c3fa7f70d479bffb3c14805d2065b51194edea5e26",
                "sha256:5569aba69041530e04eff3d40536027db8851f4e11e6282849b9fc5b1855075d",
                "sha256:566b752e36cdcd5a4d38f292aca4c8e3095f13cfe82606e010d67749cacba341",
                "sha256:5817f970fbfed72a6203ff96349e796d8f6ff3ce85b58af241c4a14190d9f4d1",
                "sha256:5a97bb5a4af16f840f1211dbe66d61592f02110f286d96e67bf6006d7f96aab7",
                "sha256:5d57e41c913152b215eda070955b3544bdf20ed2327e5e5eed3005186220ebd0",
                "sha256:6cec17145978cef3d20093cdc05e88da597ce05076db566a66a35b9c55d416a3",
                "sha256:6ef7ab9b6ba09ce087ddb3b27f12504f50efdbf5d319b8b23173478765452301",
                "sha256:756c0d65e4ebce1c47787dbb48955864f2a768e1df76902f33d3e4062c209f3e",
                "sha256:828d13f0edd27f452af7fc23093c8a2d63d8fbd92595dbd0f698c78b13af9bdb",
                "sha256:8cf02c4e07520be61ad8b59b0043771ef2af666cb73066516eabfee562a28df4",
                "sha256:919dfe84d22ce2e2ae81d82238586d7c2a86714fb0b6cf9b437e336851e3c32d",
                "sha256:b04a061280b06cdc4e68c4147a0f46b98c395cf62f0c6df4fa2a30a083cdc333",
                "sha256:b2dbe7d2f9685bdbb4415f8e475dd96b1b1776193b7286705f90490c3f039037",
                "sha256:b60df7cbc3e77c39d5befe6a1e6e4213f3ca683d743ff7c1622b1d4412245a55",
                "sha256:b740681332b5a042b9e22246a3cdbfc3d644cf73d38e117f20ad9d8deab8f1a5",
                "sha256:ba434873945d5d4542589674cb60c43a1cf76b2b5f0c0f759aa76d499055722f",
                "sha256:bcb44cd53beccc92c730254ad3d50715b67a7432e693961b566d982f759b1787",
                "sha256:be1cbb6cad1d4242e3aaa4143eabcfbf383358f6c8e9951be2c497b65561b075",
                "sha256:c4e38326fcab5c52fd1a8c8e0f908bfe830629a5ffc60793ec5545ef913d62d2",
                "sha256:d03c0524d5953568f74269e0faebb1e880ba9f36ca8c773be397087c35bd8188",
                "sha256:ea897ffa80276565acdd92349ef82a768db0e3327aacd4aec82f79ca10989689",
                "sha256:edc50e8bcd10b165f34c3cf3e1d4f97e9c71b165b85a85b91cf3444000a17692",
                "sha256:f96a2e97df522b50da9cb3795f08199b110ceab4146bf70ea7f6a3a0213786cc",
                "sha256:fadb649a69e3b08e01f090c24f0c8cccc122e92c362c1a1727b695a63be8416b",
                "sha256:fbe4360ff1689a9753cbf1b27dad11e683d39117a32a64372a7c95c6abc81b81"
            ],
            "markers": "python_version >= '2.6' and python_version != '3.1.*' and python_version != '3.0.*'",
            "version": "==1.19.0"
        },
        "kiwisolver": {
            "hashes": [
                "sha256:0ee4ed8b3ae8f5f712b0aa9ebd2858b5b232f1b9a96b0943dceb34df2a223bc3",
                "sha256:0f7f532f3c94e99545a29f4c3f05637f4d2713e7fd91b4dd8abfc18340b86cd5",
                "sha256:1a078f5dd7e99317098f0e0d490257fd0349d79363e8c923d5bb76428f318421",
                "sha256:1aa0b55a0eb1bd3fa82e704f44fb8f16e26702af1a073cc5030eea399e617b56",
                "sha256:2874060b91e131ceeff00574b7c2140749c9355817a4ed498e82a4ffa308ecbc",
                "sha256:379d97783ba8d2934d52221c833407f20ca287b36d949b4bba6c75274bcf6363",
                "sha256:3b791ddf2aefc56382aadc26ea5b352e86a2921e4e85c31c1f770f527eb06ce4",
                "sha256:4329008a167fac233e398e8a600d1b91539dc33c5a3eadee84c0d4b04d4494fa",
                "sha256:45813e0873bbb679334a161b28cb9606d9665e70561fd6caa8863e279b5e464b",
                "sha256:53a5b27e6b5717bdc0125338a822605084054c80f382051fb945d2c0e6899a20",
                "sha256:574f24b9805cb1c72d02b9f7749aa0cc0b81aa82571be5201aa1453190390ae5",
                "sha256:66f82819ff47fa67a11540da96966fb9245504b7f496034f534b81cacf333861",
                "sha256:79e5fe3ccd5144ae80777e12973027bd2f4f5e3ae8eb286cabe787bed9780138",
                "sha256:83410258eb886f3456714eea4d4304db3a1fc8624623fc3f38a487ab36c0f653",
                "sha256:8b6a7b596ce1d2a6d93c3562f1178ebd3b7bb445b3b0dd33b09f9255e312a965",
                "sha256:9576cb63897fbfa69df60f994082c3f4b8e6adb49cccb60efb2a80a208e6f996",
                "sha256:95a25d9f3449046ecbe9065be8f8380c03c56081bc5d41fe0fb964aaa30b2195",
                "sha256:a424f048bebc4476620e77f3e4d1f282920cef9bc376ba16d0b8fe97eec87cde",
                "sha256:aaec1cfd94f4f3e9a25e144d5b0ed1eb8a9596ec36d7318a504d813412563a85",
                "sha256:acb673eecbae089ea3be3dcf75bfe45fc8d4dcdc951e27d8691887963cf421c7",
                "sha256:b15bc8d2c2848a4a7c04f76c9b3dc3561e95d4dabc6b4f24bfabe5fd81a0b14f",
                "sha256:b1c240d565e977d80c0083404c01e4d59c5772c977fae2c483f100567f50847b",
                "sha256:c595693de998461bcd49b8d20568c8870b3209b8ea323b2a7b0ea86d85864694",
                "sha256:ce3be5d520b4d2c3e5eeb4cd2ef62b9b9ab8ac6b6fedbaa0e39cdb6f50644278",
                "sha256:e0f910f84b35c36a3513b96d816e6442ae138862257ae18a0019d2fc67b041dc",
                "sha256:ea36e19ac0a483eea239320aef0bd40702404ff8c7e42179a2d9d36c5afcb55c",
                "sha256:efabbcd4f406b532206b8801058c8bab9e79645b9880329253ae3322b7b02cd5",
                "sha256:f923406e6b32c86309261b8195e24e18b6a8801df0cfc7814ac44017bfcb3939"
            ],
            "markers": "python_version >= '2.7' and python_version != '3.1.*' and python_version != '3.3.*' and python_version != '3.0.*' and python_version != '3.2.*'",
            "version": "==1.0.1"
        },
        "markdown": {
            "hashes": [
                "sha256:fc4a6f69a656b8d858d7503bda633f4dd63c2d70cf80abdc6eafa64c4ae8c250",
                "sha256:fe463ff51e679377e3624984c829022e2cfb3be5518726b06f608a07a3aad680"
            ],
            "markers": "python_version != '3.1.*' and python_version != '3.2.*' and python_version != '3.3.*' and python_version != '3.0.*' and python_version >= '2.7'",
            "version": "==3.1"
        },
        "matplotlib": {
            "hashes": [
                "sha256:1ae6549976b6ceb6ee426272a28c0fc9715b3e3669694d560c8f661c5b39e2c5",
                "sha256:4d4250bf508dd07cca3b43888097f873cadb66eec6ac63dbbfb798798ec07af2",
                "sha256:53af2e01d7f1700ed2b64a9091bc865360c9c4032f625451c4589a826854c787",
                "sha256:63e498067d32d627111cd1162cae1621f1221f9d4c6a9745dd7233f29de581b6",
                "sha256:7169a34971e398dd58e87e173f97366fd88a3fa80852704530433eb224a8ca57",
                "sha256:91c54d6bb9eeaaff965656c5ea6cbdcbf780bad8462ac99b30b451548194746f",
                "sha256:aeef177647bb3fccfe09065481989d7dfc5ac59e9367d6a00a3481062cf651e4",
                "sha256:cf8ae10559a78aee0409ede1e9d4fda03895433eeafe609dd9ed67e45f552db0",
                "sha256:d51d0889d1c4d51c51a9822265c0494ea3e70a52bdd88358e0863daca46fa23a",
                "sha256:de5ccd3500247f85fe4f9fad90f80a8bd397e4f110a4c33fabf95f07403e8372",
                "sha256:e1d33589e32f482d0a7d1957bf473d43341115d40d33f578dad44432e47df7b7",
                "sha256:e8d1939262aa6b36d0c51f50a50a43a04b9618d20db31e6c0192b1463067aeef",
                "sha256:e918d51b1fda82a65fdf52d2f3914b2246481cc2a9cd10e223e6be6078916ff3"
            ],
            "index": "pypi",
            "version": "==3.0.3"
        },
        "networkx": {
            "hashes": [
                "sha256:45e56f7ab6fe81652fb4bc9f44faddb0e9025f469f602df14e3b2551c2ea5c8b"
            ],
            "index": "pypi",
            "version": "==2.2"
        },
        "numpy": {
            "hashes": [
                "sha256:07379fe0b450f6fd6e5934a9bc015025bb4ce1c8fbed3ca8bef29328b1bc9570",
                "sha256:085afac75bbc97a096744fcfc97a4b321c5a87220286811e85089ae04885acdd",
                "sha256:2d6481c6bdab1c75affc0fc71eb1bd4b3ecef620d06f2f60c3f00521d54be04f",
                "sha256:2df854df882d322d5c23087a4959e145b953dfff2abe1774fec4f639ac2f3160",
                "sha256:381ad13c30cd1d0b2f3da8a0c1a4aa697487e8bb0e9e0cbeb7439776bcb645f8",
                "sha256:385f1ce46e08676505b692bfde918c1e0b350963a15ef52d77691c2cf0f5dbf6",
                "sha256:4130e5ae16c656b7de654dc5e595cfeb85d3a4b0bb0734d19c0dce6dc7ee0e07",
                "sha256:4d278c2261be6423c5e63d8f0ceb1b0c6db3ff83f2906f4b860db6ae99ca1bb5",
                "sha256:51c5dcb51cf88b34b7d04c15f600b07c6ccbb73a089a38af2ab83c02862318da",
                "sha256:589336ba5199c8061239cf446ee2f2f1fcc0c68e8531ee1382b6fc0c66b2d388",
                "sha256:5ae3564cb630e155a650f4f9c054589848e97836bebae5637240a0d8099f817b",
                "sha256:5edf1acc827ed139086af95ce4449b7b664f57a8c29eb755411a634be280d9f2",
                "sha256:6b82b81c6b3b70ed40bc6d0b71222ebfcd6b6c04a6e7945a936e514b9113d5a3",
                "sha256:6c57f973218b776195d0356e556ec932698f3a563e2f640cfca7020086383f50",
                "sha256:758d1091a501fd2d75034e55e7e98bfd1370dc089160845c242db1c760d944d9",
                "sha256:8622db292b766719810e0cb0f62ef6141e15fe32b04e4eb2959888319e59336b",
                "sha256:8b8dcfcd630f1981f0f1e3846fae883376762a0c1b472baa35b145b911683b7b",
                "sha256:91fdd510743ae4df862dbd51a4354519dd9fb8941347526cd9c2194b792b3da9",
                "sha256:97fa8f1dceffab782069b291e38c4c2227f255cdac5f1e3346666931df87373e",
                "sha256:9b705f18b26fb551366ab6347ba9941b62272bf71c6bbcadcd8af94d10535241",
                "sha256:9d69967673ab7b028c2df09cae05ba56bf4e39e3cb04ebe452b6035c3b49848e",
                "sha256:9e1f53afae865cc32459ad211493cf9e2a3651a7295b7a38654ef3d123808996",
                "sha256:a4a433b3a264dbc9aa9c7c241e87c0358a503ea6394f8737df1683c7c9a102ac",
                "sha256:baadc5f770917ada556afb7651a68176559f4dca5f4b2d0947cd15b9fb84fb51",
                "sha256:c725d11990a9243e6ceffe0ab25a07c46c1cc2c5dc55e305717b5afe856c9608",
                "sha256:d696a8c87315a83983fc59dd27efe034292b9e8ad667aeae51a68b4be14690d9",
                "sha256:e1864a4e9f93ddb2dc6b62ccc2ec1f8250ff4ac0d3d7a15c8985dd4e1fbd6418",
                "sha256:e1d18421a7e2ad4a655b76e65d549d4159f8874c18a417464c1d439ee7ccc7cd"
            ],
            "markers": "python_version != '3.2.*' and python_version != '3.3.*' and python_version != '3.0.*' and python_version >= '2.7' and python_version != '3.1.*'",
            "version": "==1.14.5"
        },
        "opencv-python": {
            "hashes": [
                "sha256:01ed8f83c1bc804995120825c729af9926bcc1dedbe85316ba4b5f81ed5e7287",
                "sha256:4d79b43434bef9ccb9921138d00c7f7d5dc8079cffe5d3765287e5b8275e0386",
                "sha256:51b32439bd85dcc3f520ef9de777f2c694b846d1d4344321e7bf090bffa62dc3",
                "sha256:55b8bd89a176cb0819b65d9df65900a6e4e95919579dedc34e10eaaf46c0f6a2",
                "sha256:5b6afc7f74e28c09f78886f0cffa67efc2b46542e439f0a045020a954c69e829",
                "sha256:6f8ec97c537b408d99d2cfbc9e929054e0bdecadda4c224ec2b21e18fcf48a06",
                "sha256:70012caadf2018575f15330bcf1d7659d0231580de5c146178154e420e9bef66",
                "sha256:7066dbceb01bd721515a583cc64485c594293a574d6b0925aca341c2accae520",
                "sha256:81cc092cade08093eeb48f2cdf8c1a1d5e0cc90d197403a721f6935f71d75e61",
                "sha256:8ecf3e50d7c5de510b71f5af33017a99b8bd476fbb70f464f6cc76a81bd2ff60",
                "sha256:97d2d77e0955404cf61d9a62e85bd8718108b11fc5a69d542bd7a7e2eb30990d",
                "sha256:98f12aff879895de6821289d538322d6b6d297ccfb71343056f3443f6d5c8c16",
                "sha256:9acea43d03440e7a0bd9a9ad599394382a529d49ec6995414797645acfc3e629",
                "sha256:a2e1bd69324e6d58b2c6932ca78c2ecb88dec8b2a3d31536e104623cafbc5b89",
                "sha256:a4feed61a55263a3af6bd17338a1712274c9dc775fe765ed706c706ab4a09ceb",
                "sha256:a72224ba58c7704ce8fc260ca65cfe7444d165362179f97d713234adc7f52b0e",
                "sha256:ae6f1aaa64d3b9a82792669e5be04d2544ce8c2e4a71ecfac09e0a4ed7b60908",
                "sha256:bfd358891a882cb08733e7edd1e76ea008520858de60cec185dce26530c0a36f",
                "sha256:c0d515ceb8231fa6565112d8c2490d2007656b7eb0c52d82b81708ac8412e426",
                "sha256:c86b42f12c602f815062f30c8583da702691a67920f5ea7607f1c796e6f153be",
                "sha256:d3c116b9502c657456fac22b3dad3be8701ef92f7ced2822a13121d167263057",
                "sha256:d477594c956dfbe6688323a9a06d5b3c6d3940c4b15bef7ce4f30d25f7837f1a",
                "sha256:d7626191eac985db4fda1db9cafb6428be614dd9ce3b6f5a83fdb93f1086980b",
                "sha256:db5632dfec289e69bddccbc39faf3cf1f5a840ed4ba3c1288ef3e21f68077722",
                "sha256:e50c73547a3e80d986db19b2cad3507bc7a5b4236f0071952aba80e0409c4806",
                "sha256:edbdded658021747a4235f178b91361d17b82031859db20731a963b8dafcab67",
                "sha256:f4afa2fd9d5c2ac25fc023babf6967f07e9143ce4fe73ebdcdc69a580f99b052"
            ],
            "index": "pypi",
            "version": "==4.0.0.21"
        },
        "protobuf": {
            "hashes": [
                "sha256:21e395d7959551e759d604940a115c51c6347d90a475c9baf471a1a86b5604a9",
                "sha256:57e05e16955aee9e6a0389fcbd58d8289dd2420e47df1a1096b3a232c26eb2dd",
                "sha256:67819e8e48a74c68d87f25cad9f40edfe2faf278cdba5ca73173211b9213b8c9",
                "sha256:75da7d43a2c8a13b0bc7238ab3c8ae217cbfd5979d33b01e98e1f78defb2d060",
                "sha256:78e08371e236f193ce947712c072542ff19d0043ab5318c2ea46bbc2aaebdca6",
                "sha256:7ee5b595db5abb0096e8c4755e69c20dfad38b2d0bcc9bc7bafc652d2496b471",
                "sha256:86260ecfe7a66c0e9d82d2c61f86a14aa974d340d159b829b26f35f710f615db",
                "sha256:92c77db4bd33ea4ee5f15152a835273f2338a5246b2cbb84bab5d0d7f6e9ba94",
                "sha256:9c7b90943e0e188394b4f068926a759e3b4f63738190d1ab3d500d53b9ce7614",
                "sha256:a77f217ea50b2542bae5b318f7acee50d9fc8c95dd6d3656eaeff646f7cab5ee",
                "sha256:ad589ed1d1f83db22df867b10e01fe445516a5a4d7cfa37fe3590a5f6cfc508b",
                "sha256:b06a794901bf573f4b2af87e6139e5cd36ac7c91ac85d7ae3fe5b5f6fc317513",
                "sha256:bd8592cc5f8b4371d0bad92543370d4658dc41a5ccaaf105597eb5524c616291",
                "sha256:be48e5a6248a928ec43adf2bea037073e5da692c0b3c10b34f9904793bd63138",
                "sha256:cc5eb13f5ccc4b1b642cc147c2cdd121a34278b341c7a4d79e91182fff425836",
                "sha256:cd3b0e0ad69b74ee55e7c321f52a98effed2b4f4cc9a10f3683d869de00590d5",
                "sha256:d6e88c4920660aa75c0c2c4b53407aef5efd9a6e0ca7d2fc84d79aba2ccbda3a",
                "sha256:ec3c49b6d247152e19110c3a53d9bb4cf917747882017f70796460728b02722e"
            ],
            "markers": "python_version != '3.1.*' and python_version != '3.2.*' and python_version != '3.3.*' and python_version != '3.0.*' and python_version >= '2.7'",
            "version": "==3.7.1"
        },
        "pyparsing": {
            "hashes": [
                "sha256:66c9268862641abcac4a96ba74506e594c884e3f57690a696d21ad8210ed667a",
                "sha256:f6c5ef0d7480ad048c054c37632c67fca55299990fff127850181659eea33fc3"
            ],
            "version": "==2.3.1"
        },
        "pyqt5": {
            "hashes": [
                "sha256:020e8771ad66429587d3db6cceb028be3435e2c65f417dcc8e3b3e644b6ab1d7",
                "sha256:399fd9c3b3786210d9d2a86bc73255cc03c997b454480b7c0daf3e1a09e1ab58",
                "sha256:c0565737d1d5fd40a7e14b6692bfec1f1e1f0be082ae70d1776c44561980e3c4",
                "sha256:d4e88208dfd017636e4b1f407990d0c3b6cf47afed6be4f2fb6ca887ef513e4b"
            ],
            "index": "pypi",
            "version": "==5.12.1"
        },
        "pyqt5-sip": {
            "hashes": [
                "sha256:0aed4266e52f4d11947439d9df8c57d4578e92258ad0d70645f9f69b627b35c7",
                "sha256:15750a4a3718c68ba662eede7310612aedad70c9727497908bf2eeddd255d16f",
                "sha256:2071265b7a603354b624b6cfae4ea032719e341799fb925961fd192f328fd203",
                "sha256:31a59f76168df007b480b9382256c20f8898c642e1394df2990559f0f6389f66",
                "sha256:39ce455bf5be5c1b20db10d840a536f70c3454be3baa7adca22f67ed90507853",
                "sha256:5d8a4b8e75fa6c9f837ea92793f1aeacbf3929f1d11cdf36f9604c1876182aca",
                "sha256:6bf9bacac776257390dd3f8a703d12c8228e4eb1aa0b191f1550965f44e4c23a",
                "sha256:87a76841e07e6dae5df34dded427708b5ea8d605c017e0bb6e56a7354959271e",
                "sha256:9f0ad4198f2657da9d59a393c266959362c517445cace842051e5ad564fa8fb0",
                "sha256:cbb0f24e3bfa1403bf3a05f30066d4457509aa411d6c6823d02b0508b787b8ea",
                "sha256:d38d379fa4f5c86a8ea92b8fab42748f37de093d21a25c34b2339eb2764ee5d5",
                "sha256:f24413d34707525a0fe1448b9574089242b9baa7c604ae5714abef9ad1749839"
            ],
            "version": "==4.19.15"
        },
        "python-dateutil": {
            "hashes": [
                "sha256:7e6584c74aeed623791615e26efd690f29817a27c73085b78e4bad02493df2fb",
                "sha256:c89805f6f4d64db21ed966fda138f8a5ed7a4fdbc1a8ee329ce1b74e3c74da9e"
            ],
            "markers": "python_version != '3.1.*' and python_version >= '2.6' and python_version != '3.0.*'",
            "version": "==2.8.0"
        },
        "six": {
            "hashes": [
                "sha256:3350809f0555b11f552448330d0b52d5f24c91a322ea4a15ef22629740f3761c",
                "sha256:d16a0141ec1a18405cd4ce8b4613101da75da0e9a7aec5bdd4fa804d0e0eba73"
            ],
            "markers": "python_version != '3.0.*' and python_version >= '2.6' and python_version != '3.1.*'",
            "version": "==1.12.0"
        },
        "tensorboard": {
            "hashes": [
                "sha256:64edbe66864e02719f85708ae01efe3448af964c042a502fd2046cc87a3b1f12",
                "sha256:e4ea6ac2e47bf715b915f08a186e6205fa097318bd73f0b265d437b1d7834484"
            ],
            "markers": "python_version != '3.2.*' and python_version != '3.3.*' and python_version != '3.0.*' and python_version >= '2.7' and python_version != '3.1.*'",
            "version": "==1.10.0"
        },
        "tensorflow-gpu": {
            "hashes": [
                "sha256:04512cc1f306593cc7153f3fb63abc723d1ba01b0d180fd5aa50360db3b97114",
                "sha256:2b04b60b76396e9836fbdf02fefeb6af7ef6766d23d8b538f3fbf4d87ad56315",
                "sha256:4d07fe949d3d4adcaf8a6b0435fb272faf4c809645458b30fe4f187bc7365de4",
                "sha256:5e156626db0030d3c1656ce30bce59b4f7fcd94902642982d92ce3eedd20f46e",
                "sha256:621a6efdca4c7c7cf42e2b8a362f16462107c8f9affdfbcb110d4e965884fe38",
                "sha256:9cc66cf26bcd2506ec42843dc4af77844f144f5341887fb30bf12dc330fb031a",
                "sha256:bf08d9208e58dae11934a7066d9ef644ac99098a714b3bace46cd7807625e4a6"
            ],
            "index": "pypi",
            "version": "==1.10"
        },
        "termcolor": {
            "hashes": [
                "sha256:1d6d69ce66211143803fbc56652b41d73b4a400a2891d7bf7a1cdf4c02de613b"
            ],
            "version": "==1.1.0"
        },
        "werkzeug": {
            "hashes": [
                "sha256:96da23fa8ccecbc3ae832a83df5c722c11547d021637faacb0bec4dd2f4666c8",
                "sha256:ca5c2dcd367d6c0df87185b9082929d255358f5391923269335782b213d52655"
            ],
            "markers": "python_version != '3.1.*' and python_version != '3.2.*' and python_version != '3.3.*' and python_version != '3.0.*' and python_version >= '2.7'",
            "version": "==0.15.1"
        },
        "wheel": {
            "hashes": [
                "sha256:66a8fd76f28977bb664b098372daef2b27f60dc4d1688cfab7b37a09448f0e9d",
                "sha256:8eb4a788b3aec8abf5ff68d4165441bc57420c9f64ca5f471f58c3969fe08668"
            ],
            "markers": "python_version != '3.1.*' and python_version != '3.2.*' and python_version != '3.3.*' and python_version != '3.0.*' and python_version >= '2.7'",
            "version": "==0.33.1"
        }
    },
    "develop": {
        "entrypoints": {
            "hashes": [
                "sha256:589f874b313739ad35be6e0cd7efde2a4e9b6fea91edcc34e58ecbb8dbe56d19",
                "sha256:c70dd71abe5a8c85e55e12c19bd91ccfeec11a6e99044204511f9ed547d48451"
            ],
            "markers": "python_version >= '2.7'",
            "version": "==0.3"
        },
        "flake8": {
            "hashes": [
                "sha256:859996073f341f2670741b51ec1e67a01da142831aa1fdc6242dbf88dffbe661",
                "sha256:a796a115208f5c03b18f332f7c11729812c8c3ded6c46319c59b53efd3819da8"
            ],
            "index": "pypi",
            "version": "==3.7.7"
        },
        "mccabe": {
            "hashes": [
                "sha256:ab8a6258860da4b6677da4bd2fe5dc2c659cff31b3ee4f7f5d64e79735b80d42",
                "sha256:dd8d182285a0fe56bace7f45b5e7d1a6ebcbf524e8f3bd87eb0f125271b8831f"
            ],
            "version": "==0.6.1"
        },
        "pycodestyle": {
            "hashes": [
                "sha256:95a2219d12372f05704562a14ec30bc76b05a5b297b21a5dfe3f6fac3491ae56",
                "sha256:e40a936c9a450ad81df37f549d676d127b1b66000a6c500caa2b085bc0ca976c"
            ],
            "markers": "python_version != '3.1.*' and python_version != '3.0.*' and python_version >= '2.7' and python_version != '3.3.*' and python_version != '3.2.*'",
            "version": "==2.5.0"
        },
        "pyflakes": {
            "hashes": [
                "sha256:17dbeb2e3f4d772725c777fabc446d5634d1038f234e77343108ce445ea69ce0",
                "sha256:d976835886f8c5b31d47970ed689944a0262b5f3afa00a5a7b4dc81e5449f8a2"
            ],
            "markers": "python_version != '3.1.*' and python_version != '3.0.*' and python_version >= '2.7' and python_version != '3.3.*' and python_version != '3.2.*'",
            "version": "==2.1.1"
        }
    }
}
